// !$*UTF8*$!
{
	archiveVersion = 1;
	classes = {
	};
	objectVersion = 50;
	objects = {

/* Begin PBXBuildFile section */
		4A80B8C922FB54CB001722E7 /* AppDelegate.swift in Sources */ = {isa = PBXBuildFile; fileRef = 4A80B8C822FB54CB001722E7 /* AppDelegate.swift */; };
		4A80B8CB22FB54CB001722E7 /* ViewController.swift in Sources */ = {isa = PBXBuildFile; fileRef = 4A80B8CA22FB54CB001722E7 /* ViewController.swift */; };
		4A80B8CE22FB54CB001722E7 /* Main.storyboard in Resources */ = {isa = PBXBuildFile; fileRef = 4A80B8CC22FB54CB001722E7 /* Main.storyboard */; };
		4A80B8D022FB54CC001722E7 /* Assets.xcassets in Resources */ = {isa = PBXBuildFile; fileRef = 4A80B8CF22FB54CC001722E7 /* Assets.xcassets */; };
		4A80B8D322FB54CC001722E7 /* LaunchScreen.storyboard in Resources */ = {isa = PBXBuildFile; fileRef = 4A80B8D122FB54CC001722E7 /* LaunchScreen.storyboard */; };
		4A80B8E222FB632B001722E7 /* StudenModel.swift in Sources */ = {isa = PBXBuildFile; fileRef = 4A80B8E122FB632B001722E7 /* StudenModel.swift */; };
		9A84C41C22FBCE36000F3CE8 /* LoginViewController.swift in Sources */ = {isa = PBXBuildFile; fileRef = 9A84C41B22FBCE36000F3CE8 /* LoginViewController.swift */; };
		9AA7454322FBD8DB00E6EA92 /* GradientView.swift in Sources */ = {isa = PBXBuildFile; fileRef = 9AA7453F22FBD8DB00E6EA92 /* GradientView.swift */; };
		9AA7454422FBD8DB00E6EA92 /* LoginTextField.swift in Sources */ = {isa = PBXBuildFile; fileRef = 9AA7454022FBD8DB00E6EA92 /* LoginTextField.swift */; };
		9AA7454522FBD8DB00E6EA92 /* LoginButton.swift in Sources */ = {isa = PBXBuildFile; fileRef = 9AA7454122FBD8DB00E6EA92 /* LoginButton.swift */; };
		9AA7454622FBD8DB00E6EA92 /* Colors.swift in Sources */ = {isa = PBXBuildFile; fileRef = 9AA7454222FBD8DB00E6EA92 /* Colors.swift */; };
		9AA7454822FBDAB300E6EA92 /* Colors.xcassets in Resources */ = {isa = PBXBuildFile; fileRef = 9AA7454722FBDAB200E6EA92 /* Colors.xcassets */; };
		9AA7454A22FBE46A00E6EA92 /* HTPPClient.swift in Sources */ = {isa = PBXBuildFile; fileRef = 9AA7454922FBE46A00E6EA92 /* HTPPClient.swift */; };
/* End PBXBuildFile section */

/* Begin PBXFileReference section */
		4A80B8C522FB54CB001722E7 /* OnTheMap.app */ = {isa = PBXFileReference; explicitFileType = wrapper.application; includeInIndex = 0; path = OnTheMap.app; sourceTree = BUILT_PRODUCTS_DIR; };
		4A80B8C822FB54CB001722E7 /* AppDelegate.swift */ = {isa = PBXFileReference; lastKnownFileType = sourcecode.swift; path = AppDelegate.swift; sourceTree = "<group>"; };
		4A80B8CA22FB54CB001722E7 /* ViewController.swift */ = {isa = PBXFileReference; lastKnownFileType = sourcecode.swift; path = ViewController.swift; sourceTree = "<group>"; };
		4A80B8CD22FB54CB001722E7 /* Base */ = {isa = PBXFileReference; lastKnownFileType = file.storyboard; name = Base; path = Base.lproj/Main.storyboard; sourceTree = "<group>"; };
		4A80B8CF22FB54CC001722E7 /* Assets.xcassets */ = {isa = PBXFileReference; lastKnownFileType = folder.assetcatalog; path = Assets.xcassets; sourceTree = "<group>"; };
		4A80B8D222FB54CC001722E7 /* Base */ = {isa = PBXFileReference; lastKnownFileType = file.storyboard; name = Base; path = Base.lproj/LaunchScreen.storyboard; sourceTree = "<group>"; };
		4A80B8D422FB54CC001722E7 /* Info.plist */ = {isa = PBXFileReference; lastKnownFileType = text.plist.xml; path = Info.plist; sourceTree = "<group>"; };
		4A80B8E122FB632B001722E7 /* StudenModel.swift */ = {isa = PBXFileReference; lastKnownFileType = sourcecode.swift; path = StudenModel.swift; sourceTree = "<group>"; };
		9A84C41B22FBCE36000F3CE8 /* LoginViewController.swift */ = {isa = PBXFileReference; lastKnownFileType = sourcecode.swift; path = LoginViewController.swift; sourceTree = "<group>"; };
		9AA7453F22FBD8DB00E6EA92 /* GradientView.swift */ = {isa = PBXFileReference; fileEncoding = 4; lastKnownFileType = sourcecode.swift; name = GradientView.swift; path = ../../../../iOSAuth/TheMovieManager/View/GradientView.swift; sourceTree = "<group>"; };
		9AA7454022FBD8DB00E6EA92 /* LoginTextField.swift */ = {isa = PBXFileReference; fileEncoding = 4; lastKnownFileType = sourcecode.swift; name = LoginTextField.swift; path = ../../../../iOSAuth/TheMovieManager/View/LoginTextField.swift; sourceTree = "<group>"; };
		9AA7454122FBD8DB00E6EA92 /* LoginButton.swift */ = {isa = PBXFileReference; fileEncoding = 4; lastKnownFileType = sourcecode.swift; name = LoginButton.swift; path = ../../../../iOSAuth/TheMovieManager/View/LoginButton.swift; sourceTree = "<group>"; };
		9AA7454222FBD8DB00E6EA92 /* Colors.swift */ = {isa = PBXFileReference; fileEncoding = 4; lastKnownFileType = sourcecode.swift; name = Colors.swift; path = ../../../../iOSAuth/TheMovieManager/View/Colors.swift; sourceTree = "<group>"; };
		9AA7454722FBDAB200E6EA92 /* Colors.xcassets */ = {isa = PBXFileReference; lastKnownFileType = folder.assetcatalog; name = Colors.xcassets; path = ../../../../iOSAuth/TheMovieManager/Assets/Colors.xcassets; sourceTree = "<group>"; };
		9AA7454922FBE46A00E6EA92 /* HTPPClient.swift */ = {isa = PBXFileReference; lastKnownFileType = sourcecode.swift; name = HTPPClient.swift; path = OnTheMap/Controllers/HTPPClient.swift; sourceTree = SOURCE_ROOT; };
/* End PBXFileReference section */

/* Begin PBXFrameworksBuildPhase section */
		4A80B8C222FB54CB001722E7 /* Frameworks */ = {
			isa = PBXFrameworksBuildPhase;
			buildActionMask = 2147483647;
			files = (
			);
			runOnlyForDeploymentPostprocessing = 0;
		};
/* End PBXFrameworksBuildPhase section */

/* Begin PBXGroup section */
		4A80B8BC22FB54CB001722E7 = {
			isa = PBXGroup;
			children = (
				4A80B8C722FB54CB001722E7 /* OnTheMap */,
				4A80B8C622FB54CB001722E7 /* Products */,
			);
			sourceTree = "<group>";
		};
		4A80B8C622FB54CB001722E7 /* Products */ = {
			isa = PBXGroup;
			children = (
				4A80B8C522FB54CB001722E7 /* OnTheMap.app */,
			);
			name = Products;
			sourceTree = "<group>";
		};
		4A80B8C722FB54CB001722E7 /* OnTheMap */ = {
			isa = PBXGroup;
			children = (
				4A80B8D422FB54CC001722E7 /* Info.plist */,
				4A80B8DC22FB5575001722E7 /* Controllers */,
				4A80B8DB22FB556B001722E7 /* Views */,
				4A80B8DA22FB555B001722E7 /* Models */,
			);
			path = OnTheMap;
			sourceTree = "<group>";
		};
		4A80B8DA22FB555B001722E7 /* Models */ = {
			isa = PBXGroup;
			children = (
				4A80B8E022FB62D4001722E7 /* HTTP */,
				4A80B8DF22FB62CC001722E7 /* Data */,
				4A80B8DE22FB628C001722E7 /* Responses */,
				4A80B8DD22FB627F001722E7 /* Requests */,
			);
			path = Models;
			sourceTree = "<group>";
		};
		4A80B8DB22FB556B001722E7 /* Views */ = {
			isa = PBXGroup;
			children = (
				9AA7454222FBD8DB00E6EA92 /* Colors.swift */,
				9AA7453F22FBD8DB00E6EA92 /* GradientView.swift */,
				9AA7454122FBD8DB00E6EA92 /* LoginButton.swift */,
				9AA7454022FBD8DB00E6EA92 /* LoginTextField.swift */,
				4A80B8CC22FB54CB001722E7 /* Main.storyboard */,
				4A80B8D122FB54CC001722E7 /* LaunchScreen.storyboard */,
				4A80B8CF22FB54CC001722E7 /* Assets.xcassets */,
				9AA7454722FBDAB200E6EA92 /* Colors.xcassets */,
			);
			path = Views;
			sourceTree = "<group>";
		};
		4A80B8DC22FB5575001722E7 /* Controllers */ = {
			isa = PBXGroup;
			children = (
				4A80B8C822FB54CB001722E7 /* AppDelegate.swift */,
				4A80B8CA22FB54CB001722E7 /* ViewController.swift */,
				9A84C41B22FBCE36000F3CE8 /* LoginViewController.swift */,
			);
			path = Controllers;
			sourceTree = "<group>";
		};
		4A80B8DD22FB627F001722E7 /* Requests */ = {
			isa = PBXGroup;
			children = (
			);
			path = Requests;
			sourceTree = "<group>";
		};
		4A80B8DE22FB628C001722E7 /* Responses */ = {
			isa = PBXGroup;
			children = (
			);
			path = Responses;
			sourceTree = "<group>";
		};
		4A80B8DF22FB62CC001722E7 /* Data */ = {
			isa = PBXGroup;
			children = (
				4A80B8E122FB632B001722E7 /* StudenModel.swift */,
			);
			path = Data;
			sourceTree = "<group>";
		};
		4A80B8E022FB62D4001722E7 /* HTTP */ = {
			isa = PBXGroup;
			children = (
				9AA7454922FBE46A00E6EA92 /* HTPPClient.swift */,
			);
			path = HTTP;
			sourceTree = "<group>";
		};
/* End PBXGroup section */

/* Begin PBXNativeTarget section */
		4A80B8C422FB54CB001722E7 /* OnTheMap */ = {
			isa = PBXNativeTarget;
			buildConfigurationList = 4A80B8D722FB54CC001722E7 /* Build configuration list for PBXNativeTarget "OnTheMap" */;
			buildPhases = (
				4A80B8C122FB54CB001722E7 /* Sources */,
				4A80B8C222FB54CB001722E7 /* Frameworks */,
				4A80B8C322FB54CB001722E7 /* Resources */,
			);
			buildRules = (
			);
			dependencies = (
			);
			name = OnTheMap;
			productName = OnTheMap;
			productReference = 4A80B8C522FB54CB001722E7 /* OnTheMap.app */;
			productType = "com.apple.product-type.application";
		};
/* End PBXNativeTarget section */

/* Begin PBXProject section */
		4A80B8BD22FB54CB001722E7 /* Project object */ = {
			isa = PBXProject;
			attributes = {
				LastSwiftUpdateCheck = 1030;
				LastUpgradeCheck = 1030;
				ORGANIZATIONNAME = "Hoshiar Sher";
				TargetAttributes = {
					4A80B8C422FB54CB001722E7 = {
						CreatedOnToolsVersion = 10.3;
					};
				};
			};
			buildConfigurationList = 4A80B8C022FB54CB001722E7 /* Build configuration list for PBXProject "OnTheMap" */;
			compatibilityVersion = "Xcode 9.3";
			developmentRegion = en;
			hasScannedForEncodings = 0;
			knownRegions = (
				en,
				Base,
			);
			mainGroup = 4A80B8BC22FB54CB001722E7;
			productRefGroup = 4A80B8C622FB54CB001722E7 /* Products */;
			projectDirPath = "";
			projectRoot = "";
			targets = (
				4A80B8C422FB54CB001722E7 /* OnTheMap */,
			);
		};
/* End PBXProject section */

/* Begin PBXResourcesBuildPhase section */
		4A80B8C322FB54CB001722E7 /* Resources */ = {
			isa = PBXResourcesBuildPhase;
			buildActionMask = 2147483647;
			files = (
				4A80B8D322FB54CC001722E7 /* LaunchScreen.storyboard in Resources */,
				9AA7454822FBDAB300E6EA92 /* Colors.xcassets in Resources */,
				4A80B8D022FB54CC001722E7 /* Assets.xcassets in Resources */,
				4A80B8CE22FB54CB001722E7 /* Main.storyboard in Resources */,
			);
			runOnlyForDeploymentPostprocessing = 0;
		};
/* End PBXResourcesBuildPhase section */

/* Begin PBXSourcesBuildPhase section */
		4A80B8C122FB54CB001722E7 /* Sources */ = {
			isa = PBXSourcesBuildPhase;
			buildActionMask = 2147483647;
			files = (
				9A84C41C22FBCE36000F3CE8 /* LoginViewController.swift in Sources */,
				9AA7454622FBD8DB00E6EA92 /* Colors.swift in Sources */,
				4A80B8E222FB632B001722E7 /* StudenModel.swift in Sources */,
				9AA7454522FBD8DB00E6EA92 /* LoginButton.swift in Sources */,
				9AA7454322FBD8DB00E6EA92 /* GradientView.swift in Sources */,
				9AA7454422FBD8DB00E6EA92 /* LoginTextField.swift in Sources */,
				4A80B8CB22FB54CB001722E7 /* ViewController.swift in Sources */,
				9AA7454A22FBE46A00E6EA92 /* HTPPClient.swift in Sources */,
				4A80B8C922FB54CB001722E7 /* AppDelegate.swift in Sources */,
			);
			runOnlyForDeploymentPostprocessing = 0;
		};
/* End PBXSourcesBuildPhase section */

/* Begin PBXVariantGroup section */
		4A80B8CC22FB54CB001722E7 /* Main.storyboard */ = {
			isa = PBXVariantGroup;
			children = (
				4A80B8CD22FB54CB001722E7 /* Base */,
			);
			name = Main.storyboard;
			sourceTree = "<group>";
		};
		4A80B8D122FB54CC001722E7 /* LaunchScreen.storyboard */ = {
			isa = PBXVariantGroup;
			children = (
				4A80B8D222FB54CC001722E7 /* Base */,
			);
			name = LaunchScreen.storyboard;
			sourceTree = "<group>";
		};
/* End PBXVariantGroup section */

/* Begin XCBuildConfiguration section */
		4A80B8D522FB54CC001722E7 /* Debug */ = {
			isa = XCBuildConfiguration;
			buildSettings = {
				ALWAYS_SEARCH_USER_PATHS = NO;
				CLANG_ANALYZER_NONNULL = YES;
				CLANG_ANALYZER_NUMBER_OBJECT_CONVERSION = YES_AGGRESSIVE;
				CLANG_CXX_LANGUAGE_STANDARD = "gnu++14";
				CLANG_CXX_LIBRARY = "libc++";
				CLANG_ENABLE_MODULES = YES;
				CLANG_ENABLE_OBJC_ARC = YES;
				CLANG_ENABLE_OBJC_WEAK = YES;
				CLANG_WARN_BLOCK_CAPTURE_AUTORELEASING = YES;
				CLANG_WARN_BOOL_CONVERSION = YES;
				CLANG_WARN_COMMA = YES;
				CLANG_WARN_CONSTANT_CONVERSION = YES;
				CLANG_WARN_DEPRECATED_OBJC_IMPLEMENTATIONS = YES;
				CLANG_WARN_DIRECT_OBJC_ISA_USAGE = YES_ERROR;
				CLANG_WARN_DOCUMENTATION_COMMENTS = YES;
				CLANG_WARN_EMPTY_BODY = YES;
				CLANG_WARN_ENUM_CONVERSION = YES;
				CLANG_WARN_INFINITE_RECURSION = YES;
				CLANG_WARN_INT_CONVERSION = YES;
				CLANG_WARN_NON_LITERAL_NULL_CONVERSION = YES;
				CLANG_WARN_OBJC_IMPLICIT_RETAIN_SELF = YES;
				CLANG_WARN_OBJC_LITERAL_CONVERSION = YES;
				CLANG_WARN_OBJC_ROOT_CLASS = YES_ERROR;
				CLANG_WARN_RANGE_LOOP_ANALYSIS = YES;
				CLANG_WARN_STRICT_PROTOTYPES = YES;
				CLANG_WARN_SUSPICIOUS_MOVE = YES;
				CLANG_WARN_UNGUARDED_AVAILABILITY = YES_AGGRESSIVE;
				CLANG_WARN_UNREACHABLE_CODE = YES;
				CLANG_WARN__DUPLICATE_METHOD_MATCH = YES;
				CODE_SIGN_IDENTITY = "iPhone Developer";
				COPY_PHASE_STRIP = NO;
				DEBUG_INFORMATION_FORMAT = dwarf;
				ENABLE_STRICT_OBJC_MSGSEND = YES;
				ENABLE_TESTABILITY = YES;
				GCC_C_LANGUAGE_STANDARD = gnu11;
				GCC_DYNAMIC_NO_PIC = NO;
				GCC_NO_COMMON_BLOCKS = YES;
				GCC_OPTIMIZATION_LEVEL = 0;
				GCC_PREPROCESSOR_DEFINITIONS = (
					"DEBUG=1",
					"$(inherited)",
				);
				GCC_WARN_64_TO_32_BIT_CONVERSION = YES;
				GCC_WARN_ABOUT_RETURN_TYPE = YES_ERROR;
				GCC_WARN_UNDECLARED_SELECTOR = YES;
				GCC_WARN_UNINITIALIZED_AUTOS = YES_AGGRESSIVE;
				GCC_WARN_UNUSED_FUNCTION = YES;
				GCC_WARN_UNUSED_VARIABLE = YES;
				IPHONEOS_DEPLOYMENT_TARGET = 12.4;
				MTL_ENABLE_DEBUG_INFO = INCLUDE_SOURCE;
				MTL_FAST_MATH = YES;
				ONLY_ACTIVE_ARCH = YES;
				SDKROOT = iphoneos;
				SWIFT_ACTIVE_COMPILATION_CONDITIONS = DEBUG;
				SWIFT_OPTIMIZATION_LEVEL = "-Onone";
			};
			name = Debug;
		};
		4A80B8D622FB54CC001722E7 /* Release */ = {
			isa = XCBuildConfiguration;
			buildSettings = {
				ALWAYS_SEARCH_USER_PATHS = NO;
				CLANG_ANALYZER_NONNULL = YES;
				CLANG_ANALYZER_NUMBER_OBJECT_CONVERSION = YES_AGGRESSIVE;
				CLANG_CXX_LANGUAGE_STANDARD = "gnu++14";
				CLANG_CXX_LIBRARY = "libc++";
				CLANG_ENABLE_MODULES = YES;
				CLANG_ENABLE_OBJC_ARC = YES;
				CLANG_ENABLE_OBJC_WEAK = YES;
				CLANG_WARN_BLOCK_CAPTURE_AUTORELEASING = YES;
				CLANG_WARN_BOOL_CONVERSION = YES;
				CLANG_WARN_COMMA = YES;
				CLANG_WARN_CONSTANT_CONVERSION = YES;
				CLANG_WARN_DEPRECATED_OBJC_IMPLEMENTATIONS = YES;
				CLANG_WARN_DIRECT_OBJC_ISA_USAGE = YES_ERROR;
				CLANG_WARN_DOCUMENTATION_COMMENTS = YES;
				CLANG_WARN_EMPTY_BODY = YES;
				CLANG_WARN_ENUM_CONVERSION = YES;
				CLANG_WARN_INFINITE_RECURSION = YES;
				CLANG_WARN_INT_CONVERSION = YES;
				CLANG_WARN_NON_LITERAL_NULL_CONVERSION = YES;
				CLANG_WARN_OBJC_IMPLICIT_RETAIN_SELF = YES;
				CLANG_WARN_OBJC_LITERAL_CONVERSION = YES;
				CLANG_WARN_OBJC_ROOT_CLASS = YES_ERROR;
				CLANG_WARN_RANGE_LOOP_ANALYSIS = YES;
				CLANG_WARN_STRICT_PROTOTYPES = YES;
				CLANG_WARN_SUSPICIOUS_MOVE = YES;
				CLANG_WARN_UNGUARDED_AVAILABILITY = YES_AGGRESSIVE;
				CLANG_WARN_UNREACHABLE_CODE = YES;
				CLANG_WARN__DUPLICATE_METHOD_MATCH = YES;
				CODE_SIGN_IDENTITY = "iPhone Developer";
				COPY_PHASE_STRIP = NO;
				DEBUG_INFORMATION_FORMAT = "dwarf-with-dsym";
				ENABLE_NS_ASSERTIONS = NO;
				ENABLE_STRICT_OBJC_MSGSEND = YES;
				GCC_C_LANGUAGE_STANDARD = gnu11;
				GCC_NO_COMMON_BLOCKS = YES;
				GCC_WARN_64_TO_32_BIT_CONVERSION = YES;
				GCC_WARN_ABOUT_RETURN_TYPE = YES_ERROR;
				GCC_WARN_UNDECLARED_SELECTOR = YES;
				GCC_WARN_UNINITIALIZED_AUTOS = YES_AGGRESSIVE;
				GCC_WARN_UNUSED_FUNCTION = YES;
				GCC_WARN_UNUSED_VARIABLE = YES;
				IPHONEOS_DEPLOYMENT_TARGET = 12.4;
				MTL_ENABLE_DEBUG_INFO = NO;
				MTL_FAST_MATH = YES;
				SDKROOT = iphoneos;
				SWIFT_COMPILATION_MODE = wholemodule;
				SWIFT_OPTIMIZATION_LEVEL = "-O";
				VALIDATE_PRODUCT = YES;
			};
			name = Release;
		};
		4A80B8D822FB54CC001722E7 /* Debug */ = {
			isa = XCBuildConfiguration;
			buildSettings = {
				ASSETCATALOG_COMPILER_APPICON_NAME = AppIcon;
				CODE_SIGN_STYLE = Automatic;
				DEVELOPMENT_TEAM = P2ZL62285Z;
				INFOPLIST_FILE = OnTheMap/Info.plist;
				IPHONEOS_DEPLOYMENT_TARGET = 12.2;
				LD_RUNPATH_SEARCH_PATHS = (
					"$(inherited)",
					"@executable_path/Frameworks",
				);
				PRODUCT_BUNDLE_IDENTIFIER = com.yarapps.OnTheMap;
				PRODUCT_NAME = "$(TARGET_NAME)";
				SWIFT_VERSION = 5.0;
				TARGETED_DEVICE_FAMILY = 1;
			};
			name = Debug;
		};
		4A80B8D922FB54CC001722E7 /* Release */ = {
			isa = XCBuildConfiguration;
			buildSettings = {
				ASSETCATALOG_COMPILER_APPICON_NAME = AppIcon;
				CODE_SIGN_STYLE = Automatic;
				DEVELOPMENT_TEAM = P2ZL62285Z;
				INFOPLIST_FILE = OnTheMap/Info.plist;
				IPHONEOS_DEPLOYMENT_TARGET = 12.2;
				LD_RUNPATH_SEARCH_PATHS = (
					"$(inherited)",
					"@executable_path/Frameworks",
				);
				PRODUCT_BUNDLE_IDENTIFIER = com.yarapps.OnTheMap;
				PRODUCT_NAME = "$(TARGET_NAME)";
				SWIFT_VERSION = 5.0;
				TARGETED_DEVICE_FAMILY = 1;
			};
			name = Release;
		};
/* End XCBuildConfiguration section */

/* Begin XCConfigurationList section */
		4A80B8C022FB54CB001722E7 /* Build configuration list for PBXProject "OnTheMap" */ = {
			isa = XCConfigurationList;
			buildConfigurations = (
				4A80B8D522FB54CC001722E7 /* Debug */,
				4A80B8D622FB54CC001722E7 /* Release */,
			);
			defaultConfigurationIsVisible = 0;
			defaultConfigurationName = Release;
		};
		4A80B8D722FB54CC001722E7 /* Build configuration list for PBXNativeTarget "OnTheMap" */ = {
			isa = XCConfigurationList;
			buildConfigurations = (
				4A80B8D822FB54CC001722E7 /* Debug */,
				4A80B8D922FB54CC001722E7 /* Release */,
			);
			defaultConfigurationIsVisible = 0;
			defaultConfigurationName = Release;
		};
/* End XCConfigurationList section */
	};
	rootObject = 4A80B8BD22FB54CB001722E7 /* Project object */;
}
